// !$*UTF8*$!
{
	archiveVersion = 1;
	classes = {
	};
	objectVersion = 51;
	objects = {

/* Begin PBXBuildFile section */
		1B12C5A5673C38B0C38FE742 /* Pods_Color.framework in Frameworks */ = {isa = PBXBuildFile; fileRef = F23D4178FC1C5A32F0496824 /* Pods_Color.framework */; };
		541616C527007A1C00860051 /* Roboto-Medium.ttf in Resources */ = {isa = PBXBuildFile; fileRef = 541616C327007A1B00860051 /* Roboto-Medium.ttf */; };
		541616C627007A1C00860051 /* Roboto-Light.ttf in Resources */ = {isa = PBXBuildFile; fileRef = 541616C427007A1C00860051 /* Roboto-Light.ttf */; };
		541616C82700882D00860051 /* HeartButton.swift in Sources */ = {isa = PBXBuildFile; fileRef = 541616C72700882D00860051 /* HeartButton.swift */; };
		54185A7B26FC86610016AFAD /* Timeline.storyboard in Resources */ = {isa = PBXBuildFile; fileRef = 54185A7A26FC86610016AFAD /* Timeline.storyboard */; };
		54185A8126FC894A0016AFAD /* TimelineTableViewCell.swift in Sources */ = {isa = PBXBuildFile; fileRef = 54185A8026FC894A0016AFAD /* TimelineTableViewCell.swift */; };
		54185A8426FC91B20016AFAD /* TimelineViewController.swift in Sources */ = {isa = PBXBuildFile; fileRef = 54185A8326FC91B20016AFAD /* TimelineViewController.swift */; };
		5428EBA8270AD24E000A3CBC /* MyPage.storyboard in Resources */ = {isa = PBXBuildFile; fileRef = 5428EBA7270AD24E000A3CBC /* MyPage.storyboard */; };
		5428EBAA270AD3EF000A3CBC /* Roboto-Bold.ttf in Resources */ = {isa = PBXBuildFile; fileRef = 5428EBA9270AD3EF000A3CBC /* Roboto-Bold.ttf */; };
		5428EBAC270AD634000A3CBC /* MyPageViewController.swift in Sources */ = {isa = PBXBuildFile; fileRef = 5428EBAB270AD634000A3CBC /* MyPageViewController.swift */; };
		5488D672273767FF0098A4E0 /* ColorAPI.swift in Sources */ = {isa = PBXBuildFile; fileRef = 5488D671273767FF0098A4E0 /* ColorAPI.swift */; };
		5488D674273768050098A4E0 /* KeyChain.swift in Sources */ = {isa = PBXBuildFile; fileRef = 5488D673273768040098A4E0 /* KeyChain.swift */; };
		5488D6762737680A0098A4E0 /* Token.swift in Sources */ = {isa = PBXBuildFile; fileRef = 5488D6752737680A0098A4E0 /* Token.swift */; };
		549E4860270843D3008C539A /* CommentViewController.swift in Sources */ = {isa = PBXBuildFile; fileRef = 549E485F270843D3008C539A /* CommentViewController.swift */; };
		54EDE2E32738169F00D1C3D4 /* NanumGothic-Bold.ttf in Resources */ = {isa = PBXBuildFile; fileRef = 54EDE2E22738169F00D1C3D4 /* NanumGothic-Bold.ttf */; };
		EF2E678E26CB6C7C00E9BF42 /* AppDelegate.swift in Sources */ = {isa = PBXBuildFile; fileRef = EF2E678D26CB6C7C00E9BF42 /* AppDelegate.swift */; };
		EF2E679026CB6C7C00E9BF42 /* SceneDelegate.swift in Sources */ = {isa = PBXBuildFile; fileRef = EF2E678F26CB6C7C00E9BF42 /* SceneDelegate.swift */; };
		EF2E679526CB6C7C00E9BF42 /* Main.storyboard in Resources */ = {isa = PBXBuildFile; fileRef = EF2E679326CB6C7C00E9BF42 /* Main.storyboard */; };
		EF2E679726CB6C7F00E9BF42 /* Assets.xcassets in Resources */ = {isa = PBXBuildFile; fileRef = EF2E679626CB6C7F00E9BF42 /* Assets.xcassets */; };
		EF2E679A26CB6C7F00E9BF42 /* LaunchScreen.storyboard in Resources */ = {isa = PBXBuildFile; fileRef = EF2E679826CB6C7F00E9BF42 /* LaunchScreen.storyboard */; };
		EF90DC2026D38B96000D46FA /* Model.swift in Sources */ = {isa = PBXBuildFile; fileRef = EF90DC1F26D38B96000D46FA /* Model.swift */; };
		EF90DC2226D38B9C000D46FA /* View.swift in Sources */ = {isa = PBXBuildFile; fileRef = EF90DC2126D38B9C000D46FA /* View.swift */; };
		EF90DC2426D38BA4000D46FA /* ViewModel.swift in Sources */ = {isa = PBXBuildFile; fileRef = EF90DC2326D38BA4000D46FA /* ViewModel.swift */; };
		EF90DC2626D38BBA000D46FA /* Networking.swift in Sources */ = {isa = PBXBuildFile; fileRef = EF90DC2526D38BBA000D46FA /* Networking.swift */; };
		EF90DC2826D391BF000D46FA /* NanumGothic.otf in Resources */ = {isa = PBXBuildFile; fileRef = EF90DC2726D391BC000D46FA /* NanumGothic.otf */; };
		EFACEA6026E0A15200F946DD /* Introduction.storyboard in Resources */ = {isa = PBXBuildFile; fileRef = EFACEA5F26E0A15200F946DD /* Introduction.storyboard */; };
		EFACEA6226E0E45000F946DD /* Writing.storyboard in Resources */ = {isa = PBXBuildFile; fileRef = EFACEA6126E0E45000F946DD /* Writing.storyboard */; };
		EFACEA6526E0E57800F946DD /* WritingPageViewController.swift in Sources */ = {isa = PBXBuildFile; fileRef = EFACEA6426E0E57800F946DD /* WritingPageViewController.swift */; };
		EFACEA6826E0E66F00F946DD /* UIViewControllerExtension.swift in Sources */ = {isa = PBXBuildFile; fileRef = EFACEA6726E0E66F00F946DD /* UIViewControllerExtension.swift */; };
		EFACEA6C26E2121B00F946DD /* NotoSerifKR-Regular.otf in Resources */ = {isa = PBXBuildFile; fileRef = EFACEA6B26E2121B00F946DD /* NotoSerifKR-Regular.otf */; };
		EFC03BD326E090A500D1971F /* Auth.storyboard in Resources */ = {isa = PBXBuildFile; fileRef = EFC03BD226E090A500D1971F /* Auth.storyboard */; };
/* End PBXBuildFile section */

/* Begin PBXFileReference section */
		541616C327007A1B00860051 /* Roboto-Medium.ttf */ = {isa = PBXFileReference; lastKnownFileType = file; path = "Roboto-Medium.ttf"; sourceTree = "<group>"; };
		541616C427007A1C00860051 /* Roboto-Light.ttf */ = {isa = PBXFileReference; lastKnownFileType = file; path = "Roboto-Light.ttf"; sourceTree = "<group>"; };
		541616C72700882D00860051 /* HeartButton.swift */ = {isa = PBXFileReference; lastKnownFileType = sourcecode.swift; path = HeartButton.swift; sourceTree = "<group>"; };
		54185A7A26FC86610016AFAD /* Timeline.storyboard */ = {isa = PBXFileReference; lastKnownFileType = file.storyboard; path = Timeline.storyboard; sourceTree = "<group>"; };
		54185A8026FC894A0016AFAD /* TimelineTableViewCell.swift */ = {isa = PBXFileReference; lastKnownFileType = sourcecode.swift; path = TimelineTableViewCell.swift; sourceTree = "<group>"; };
		54185A8326FC91B20016AFAD /* TimelineViewController.swift */ = {isa = PBXFileReference; lastKnownFileType = sourcecode.swift; path = TimelineViewController.swift; sourceTree = "<group>"; };
		5428EBA7270AD24E000A3CBC /* MyPage.storyboard */ = {isa = PBXFileReference; lastKnownFileType = file.storyboard; path = MyPage.storyboard; sourceTree = "<group>"; };
		5428EBA9270AD3EF000A3CBC /* Roboto-Bold.ttf */ = {isa = PBXFileReference; lastKnownFileType = file; path = "Roboto-Bold.ttf"; sourceTree = "<group>"; };
		5428EBAB270AD634000A3CBC /* MyPageViewController.swift */ = {isa = PBXFileReference; lastKnownFileType = sourcecode.swift; path = MyPageViewController.swift; sourceTree = "<group>"; };
		5488D671273767FF0098A4E0 /* ColorAPI.swift */ = {isa = PBXFileReference; fileEncoding = 4; lastKnownFileType = sourcecode.swift; path = ColorAPI.swift; sourceTree = "<group>"; };
		5488D673273768040098A4E0 /* KeyChain.swift */ = {isa = PBXFileReference; fileEncoding = 4; lastKnownFileType = sourcecode.swift; path = KeyChain.swift; sourceTree = "<group>"; };
		5488D6752737680A0098A4E0 /* Token.swift */ = {isa = PBXFileReference; fileEncoding = 4; lastKnownFileType = sourcecode.swift; path = Token.swift; sourceTree = "<group>"; };
		549E485F270843D3008C539A /* CommentViewController.swift */ = {isa = PBXFileReference; lastKnownFileType = sourcecode.swift; path = CommentViewController.swift; sourceTree = "<group>"; };
		54EDE2E22738169F00D1C3D4 /* NanumGothic-Bold.ttf */ = {isa = PBXFileReference; lastKnownFileType = file; path = "NanumGothic-Bold.ttf"; sourceTree = "<group>"; };
		BE7E3193B8150CE3098492B7 /* Pods-Color.debug.xcconfig */ = {isa = PBXFileReference; includeInIndex = 1; lastKnownFileType = text.xcconfig; name = "Pods-Color.debug.xcconfig"; path = "Target Support Files/Pods-Color/Pods-Color.debug.xcconfig"; sourceTree = "<group>"; };
		E385F74F4F2ACE04BF622F8C /* Pods-Color.release.xcconfig */ = {isa = PBXFileReference; includeInIndex = 1; lastKnownFileType = text.xcconfig; name = "Pods-Color.release.xcconfig"; path = "Target Support Files/Pods-Color/Pods-Color.release.xcconfig"; sourceTree = "<group>"; };
		EF2E678A26CB6C7C00E9BF42 /* Color.app */ = {isa = PBXFileReference; explicitFileType = wrapper.application; includeInIndex = 0; path = Color.app; sourceTree = BUILT_PRODUCTS_DIR; };
		EF2E678D26CB6C7C00E9BF42 /* AppDelegate.swift */ = {isa = PBXFileReference; lastKnownFileType = sourcecode.swift; path = AppDelegate.swift; sourceTree = "<group>"; };
		EF2E678F26CB6C7C00E9BF42 /* SceneDelegate.swift */ = {isa = PBXFileReference; lastKnownFileType = sourcecode.swift; path = SceneDelegate.swift; sourceTree = "<group>"; };
		EF2E679426CB6C7C00E9BF42 /* Base */ = {isa = PBXFileReference; lastKnownFileType = file.storyboard; name = Base; path = Base.lproj/Main.storyboard; sourceTree = "<group>"; };
		EF2E679626CB6C7F00E9BF42 /* Assets.xcassets */ = {isa = PBXFileReference; lastKnownFileType = folder.assetcatalog; path = Assets.xcassets; sourceTree = "<group>"; };
		EF2E679926CB6C7F00E9BF42 /* Base */ = {isa = PBXFileReference; lastKnownFileType = file.storyboard; name = Base; path = Base.lproj/LaunchScreen.storyboard; sourceTree = "<group>"; };
		EF2E679B26CB6C7F00E9BF42 /* Info.plist */ = {isa = PBXFileReference; lastKnownFileType = text.plist.xml; path = Info.plist; sourceTree = "<group>"; };
		EF90DC1F26D38B96000D46FA /* Model.swift */ = {isa = PBXFileReference; lastKnownFileType = sourcecode.swift; path = Model.swift; sourceTree = "<group>"; };
		EF90DC2126D38B9C000D46FA /* View.swift */ = {isa = PBXFileReference; lastKnownFileType = sourcecode.swift; path = View.swift; sourceTree = "<group>"; };
		EF90DC2326D38BA4000D46FA /* ViewModel.swift */ = {isa = PBXFileReference; lastKnownFileType = sourcecode.swift; path = ViewModel.swift; sourceTree = "<group>"; };
		EF90DC2526D38BBA000D46FA /* Networking.swift */ = {isa = PBXFileReference; lastKnownFileType = sourcecode.swift; path = Networking.swift; sourceTree = "<group>"; };
		EF90DC2726D391BC000D46FA /* NanumGothic.otf */ = {isa = PBXFileReference; lastKnownFileType = file; path = NanumGothic.otf; sourceTree = "<group>"; };
		EFACEA5F26E0A15200F946DD /* Introduction.storyboard */ = {isa = PBXFileReference; lastKnownFileType = file.storyboard; path = Introduction.storyboard; sourceTree = "<group>"; };
		EFACEA6126E0E45000F946DD /* Writing.storyboard */ = {isa = PBXFileReference; lastKnownFileType = file.storyboard; path = Writing.storyboard; sourceTree = "<group>"; };
		EFACEA6426E0E57800F946DD /* WritingPageViewController.swift */ = {isa = PBXFileReference; lastKnownFileType = sourcecode.swift; path = WritingPageViewController.swift; sourceTree = "<group>"; };
		EFACEA6726E0E66F00F946DD /* UIViewControllerExtension.swift */ = {isa = PBXFileReference; lastKnownFileType = sourcecode.swift; path = UIViewControllerExtension.swift; sourceTree = "<group>"; };
		EFACEA6B26E2121B00F946DD /* NotoSerifKR-Regular.otf */ = {isa = PBXFileReference; lastKnownFileType = file; path = "NotoSerifKR-Regular.otf"; sourceTree = "<group>"; };
		EFC03BD226E090A500D1971F /* Auth.storyboard */ = {isa = PBXFileReference; lastKnownFileType = file.storyboard; path = Auth.storyboard; sourceTree = "<group>"; };
		F23D4178FC1C5A32F0496824 /* Pods_Color.framework */ = {isa = PBXFileReference; explicitFileType = wrapper.framework; includeInIndex = 0; path = Pods_Color.framework; sourceTree = BUILT_PRODUCTS_DIR; };
/* End PBXFileReference section */

/* Begin PBXFrameworksBuildPhase section */
		EF2E678726CB6C7C00E9BF42 /* Frameworks */ = {
			isa = PBXFrameworksBuildPhase;
			buildActionMask = 2147483647;
			files = (
				1B12C5A5673C38B0C38FE742 /* Pods_Color.framework in Frameworks */,
			);
			runOnlyForDeploymentPostprocessing = 0;
		};
/* End PBXFrameworksBuildPhase section */

/* Begin PBXGroup section */
		42E349310241F38D28F4D544 /* Frameworks */ = {
			isa = PBXGroup;
			children = (
				F23D4178FC1C5A32F0496824 /* Pods_Color.framework */,
			);
			name = Frameworks;
			sourceTree = "<group>";
		};
		54185A7C26FC88990016AFAD /* Cell */ = {
			isa = PBXGroup;
			children = (
				54185A8026FC894A0016AFAD /* TimelineTableViewCell.swift */,
			);
			path = Cell;
			sourceTree = "<group>";
		};
		54185A8226FC918D0016AFAD /* ViewController */ = {
			isa = PBXGroup;
			children = (
				54185A8326FC91B20016AFAD /* TimelineViewController.swift */,
				549E485F270843D3008C539A /* CommentViewController.swift */,
				5428EBAB270AD634000A3CBC /* MyPageViewController.swift */,
			);
			path = ViewController;
			sourceTree = "<group>";
		};
		6F7B174982201C2EECDF4A25 /* Pods */ = {
			isa = PBXGroup;
			children = (
				BE7E3193B8150CE3098492B7 /* Pods-Color.debug.xcconfig */,
				E385F74F4F2ACE04BF622F8C /* Pods-Color.release.xcconfig */,
			);
			path = Pods;
			sourceTree = "<group>";
		};
		EF2E678126CB6C7C00E9BF42 = {
			isa = PBXGroup;
			children = (
				EF2E678C26CB6C7C00E9BF42 /* Color */,
				EF2E678B26CB6C7C00E9BF42 /* Products */,
				6F7B174982201C2EECDF4A25 /* Pods */,
				42E349310241F38D28F4D544 /* Frameworks */,
			);
			sourceTree = "<group>";
		};
		EF2E678B26CB6C7C00E9BF42 /* Products */ = {
			isa = PBXGroup;
			children = (
				EF2E678A26CB6C7C00E9BF42 /* Color.app */,
			);
			name = Products;
			sourceTree = "<group>";
		};
		EF2E678C26CB6C7C00E9BF42 /* Color */ = {
			isa = PBXGroup;
			children = (
				EF90DC1E26D38B62000D46FA /* UI */,
				54185A7C26FC88990016AFAD /* Cell */,
				EF90DC1D26D38B5C000D46FA /* Model */,
				EF90DC1C26D38B57000D46FA /* View */,
				EF90DC1B26D38B4E000D46FA /* ViewModel */,
				54185A8226FC918D0016AFAD /* ViewController */,
				EF90DC1A26D38B46000D46FA /* Networking */,
				EFACEA6326E0E55700F946DD /* VC */,
				EFACEA6626E0E64A00F946DD /* Extensions */,
				EF2E678D26CB6C7C00E9BF42 /* AppDelegate.swift */,
				EF2E678F26CB6C7C00E9BF42 /* SceneDelegate.swift */,
				EF2E679626CB6C7F00E9BF42 /* Assets.xcassets */,
				EF2E679826CB6C7F00E9BF42 /* LaunchScreen.storyboard */,
				EF2E679B26CB6C7F00E9BF42 /* Info.plist */,
				EF90DC2926D391C3000D46FA /* Fonts */,
			);
			path = Color;
			sourceTree = "<group>";
		};
		EF90DC1A26D38B46000D46FA /* Networking */ = {
			isa = PBXGroup;
			children = (
				EF90DC2526D38BBA000D46FA /* Networking.swift */,
				5488D671273767FF0098A4E0 /* ColorAPI.swift */,
				5488D673273768040098A4E0 /* KeyChain.swift */,
				5488D6752737680A0098A4E0 /* Token.swift */,
			);
			path = Networking;
			sourceTree = "<group>";
		};
		EF90DC1B26D38B4E000D46FA /* ViewModel */ = {
			isa = PBXGroup;
			children = (
				EF90DC2326D38BA4000D46FA /* ViewModel.swift */,
			);
			path = ViewModel;
			sourceTree = "<group>";
		};
		EF90DC1C26D38B57000D46FA /* View */ = {
			isa = PBXGroup;
			children = (
				EF90DC2126D38B9C000D46FA /* View.swift */,
				541616C72700882D00860051 /* HeartButton.swift */,
			);
			path = View;
			sourceTree = "<group>";
		};
		EF90DC1D26D38B5C000D46FA /* Model */ = {
			isa = PBXGroup;
			children = (
				EF90DC1F26D38B96000D46FA /* Model.swift */,
			);
			path = Model;
			sourceTree = "<group>";
		};
		EF90DC1E26D38B62000D46FA /* UI */ = {
			isa = PBXGroup;
			children = (
				EF2E679326CB6C7C00E9BF42 /* Main.storyboard */,
				EFACEA5F26E0A15200F946DD /* Introduction.storyboard */,
				EFC03BD226E090A500D1971F /* Auth.storyboard */,
				EFACEA6126E0E45000F946DD /* Writing.storyboard */,
				54185A7A26FC86610016AFAD /* Timeline.storyboard */,
				5428EBA7270AD24E000A3CBC /* MyPage.storyboard */,
			);
			path = UI;
			sourceTree = "<group>";
		};
		EF90DC2926D391C3000D46FA /* Fonts */ = {
			isa = PBXGroup;
			children = (
				541616C427007A1C00860051 /* Roboto-Light.ttf */,
				541616C327007A1B00860051 /* Roboto-Medium.ttf */,
				5428EBA9270AD3EF000A3CBC /* Roboto-Bold.ttf */,
				EF90DC2726D391BC000D46FA /* NanumGothic.otf */,
				54EDE2E22738169F00D1C3D4 /* NanumGothic-Bold.ttf */,
				EFACEA6B26E2121B00F946DD /* NotoSerifKR-Regular.otf */,
			);
			path = Fonts;
			sourceTree = "<group>";
		};
		EFACEA6326E0E55700F946DD /* VC */ = {
			isa = PBXGroup;
			children = (
				EFACEA6426E0E57800F946DD /* WritingPageViewController.swift */,
			);
			path = VC;
			sourceTree = "<group>";
		};
		EFACEA6626E0E64A00F946DD /* Extensions */ = {
			isa = PBXGroup;
			children = (
				EFACEA6726E0E66F00F946DD /* UIViewControllerExtension.swift */,
			);
			path = Extensions;
			sourceTree = "<group>";
		};
/* End PBXGroup section */

/* Begin PBXNativeTarget section */
		EF2E678926CB6C7C00E9BF42 /* Color */ = {
			isa = PBXNativeTarget;
			buildConfigurationList = EF2E679E26CB6C7F00E9BF42 /* Build configuration list for PBXNativeTarget "Color" */;
			buildPhases = (
				12BA23B2753FC69430C63D67 /* [CP] Check Pods Manifest.lock */,
				EF2E678626CB6C7C00E9BF42 /* Sources */,
				EF2E678726CB6C7C00E9BF42 /* Frameworks */,
				EF2E678826CB6C7C00E9BF42 /* Resources */,
				7D303FE6F780C2103A52F88C /* [CP] Embed Pods Frameworks */,
			);
			buildRules = (
			);
			dependencies = (
			);
			name = Color;
			productName = Color;
			productReference = EF2E678A26CB6C7C00E9BF42 /* Color.app */;
			productType = "com.apple.product-type.application";
		};
/* End PBXNativeTarget section */

/* Begin PBXProject section */
		EF2E678226CB6C7C00E9BF42 /* Project object */ = {
			isa = PBXProject;
			attributes = {
				LastSwiftUpdateCheck = 1250;
				LastUpgradeCheck = 1250;
				TargetAttributes = {
					EF2E678926CB6C7C00E9BF42 = {
						CreatedOnToolsVersion = 12.5.1;
						LastSwiftMigration = 1250;
					};
				};
			};
			buildConfigurationList = EF2E678526CB6C7C00E9BF42 /* Build configuration list for PBXProject "Color" */;
			compatibilityVersion = "Xcode 9.3";
			developmentRegion = en;
			hasScannedForEncodings = 0;
			knownRegions = (
				en,
				Base,
			);
			mainGroup = EF2E678126CB6C7C00E9BF42;
			productRefGroup = EF2E678B26CB6C7C00E9BF42 /* Products */;
			projectDirPath = "";
			projectRoot = "";
			targets = (
				EF2E678926CB6C7C00E9BF42 /* Color */,
			);
		};
/* End PBXProject section */

/* Begin PBXResourcesBuildPhase section */
		EF2E678826CB6C7C00E9BF42 /* Resources */ = {
			isa = PBXResourcesBuildPhase;
			buildActionMask = 2147483647;
			files = (
				541616C527007A1C00860051 /* Roboto-Medium.ttf in Resources */,
				5428EBA8270AD24E000A3CBC /* MyPage.storyboard in Resources */,
				EFC03BD326E090A500D1971F /* Auth.storyboard in Resources */,
				54185A7B26FC86610016AFAD /* Timeline.storyboard in Resources */,
				5428EBAA270AD3EF000A3CBC /* Roboto-Bold.ttf in Resources */,
				54EDE2E32738169F00D1C3D4 /* NanumGothic-Bold.ttf in Resources */,
				EF2E679A26CB6C7F00E9BF42 /* LaunchScreen.storyboard in Resources */,
				EF2E679726CB6C7F00E9BF42 /* Assets.xcassets in Resources */,
				EFACEA6C26E2121B00F946DD /* NotoSerifKR-Regular.otf in Resources */,
				EFACEA6026E0A15200F946DD /* Introduction.storyboard in Resources */,
				EFACEA6226E0E45000F946DD /* Writing.storyboard in Resources */,
				EF2E679526CB6C7C00E9BF42 /* Main.storyboard in Resources */,
				EF90DC2826D391BF000D46FA /* NanumGothic.otf in Resources */,
				541616C627007A1C00860051 /* Roboto-Light.ttf in Resources */,
			);
			runOnlyForDeploymentPostprocessing = 0;
		};
/* End PBXResourcesBuildPhase section */

/* Begin PBXShellScriptBuildPhase section */
		12BA23B2753FC69430C63D67 /* [CP] Check Pods Manifest.lock */ = {
			isa = PBXShellScriptBuildPhase;
			buildActionMask = 2147483647;
			files = (
			);
			inputFileListPaths = (
			);
			inputPaths = (
				"${PODS_PODFILE_DIR_PATH}/Podfile.lock",
				"${PODS_ROOT}/Manifest.lock",
			);
			name = "[CP] Check Pods Manifest.lock";
			outputFileListPaths = (
			);
			outputPaths = (
				"$(DERIVED_FILE_DIR)/Pods-Color-checkManifestLockResult.txt",
			);
			runOnlyForDeploymentPostprocessing = 0;
			shellPath = /bin/sh;
			shellScript = "diff \"${PODS_PODFILE_DIR_PATH}/Podfile.lock\" \"${PODS_ROOT}/Manifest.lock\" > /dev/null\nif [ $? != 0 ] ; then\n    # print error to STDERR\n    echo \"error: The sandbox is not in sync with the Podfile.lock. Run 'pod install' or update your CocoaPods installation.\" >&2\n    exit 1\nfi\n# This output is used by Xcode 'outputs' to avoid re-running this script phase.\necho \"SUCCESS\" > \"${SCRIPT_OUTPUT_FILE_0}\"\n";
			showEnvVarsInLog = 0;
		};
		7D303FE6F780C2103A52F88C /* [CP] Embed Pods Frameworks */ = {
			isa = PBXShellScriptBuildPhase;
			buildActionMask = 2147483647;
			files = (
			);
			inputFileListPaths = (
				"${PODS_ROOT}/Target Support Files/Pods-Color/Pods-Color-frameworks-${CONFIGURATION}-input-files.xcfilelist",
			);
			name = "[CP] Embed Pods Frameworks";
			outputFileListPaths = (
				"${PODS_ROOT}/Target Support Files/Pods-Color/Pods-Color-frameworks-${CONFIGURATION}-output-files.xcfilelist",
			);
			runOnlyForDeploymentPostprocessing = 0;
			shellPath = /bin/sh;
			shellScript = "\"${PODS_ROOT}/Target Support Files/Pods-Color/Pods-Color-frameworks.sh\"\n";
			showEnvVarsInLog = 0;
		};
/* End PBXShellScriptBuildPhase section */

/* Begin PBXSourcesBuildPhase section */
		EF2E678626CB6C7C00E9BF42 /* Sources */ = {
			isa = PBXSourcesBuildPhase;
			buildActionMask = 2147483647;
			files = (
				541616C82700882D00860051 /* HeartButton.swift in Sources */,
				54185A8126FC894A0016AFAD /* TimelineTableViewCell.swift in Sources */,
				EF2E678E26CB6C7C00E9BF42 /* AppDelegate.swift in Sources */,
				EFACEA6826E0E66F00F946DD /* UIViewControllerExtension.swift in Sources */,
				5488D674273768050098A4E0 /* KeyChain.swift in Sources */,
				EFACEA6526E0E57800F946DD /* WritingPageViewController.swift in Sources */,
				EF90DC2226D38B9C000D46FA /* View.swift in Sources */,
				EF2E679026CB6C7C00E9BF42 /* SceneDelegate.swift in Sources */,
				5488D672273767FF0098A4E0 /* ColorAPI.swift in Sources */,
				54185A8426FC91B20016AFAD /* TimelineViewController.swift in Sources */,
				5428EBAC270AD634000A3CBC /* MyPageViewController.swift in Sources */,
				EF90DC2426D38BA4000D46FA /* ViewModel.swift in Sources */,
				EF90DC2026D38B96000D46FA /* Model.swift in Sources */,
				EF90DC2626D38BBA000D46FA /* Networking.swift in Sources */,
				5488D6762737680A0098A4E0 /* Token.swift in Sources */,
				549E4860270843D3008C539A /* CommentViewController.swift in Sources */,
			);
			runOnlyForDeploymentPostprocessing = 0;
		};
/* End PBXSourcesBuildPhase section */

/* Begin PBXVariantGroup section */
		EF2E679326CB6C7C00E9BF42 /* Main.storyboard */ = {
			isa = PBXVariantGroup;
			children = (
				EF2E679426CB6C7C00E9BF42 /* Base */,
			);
			name = Main.storyboard;
			sourceTree = "<group>";
		};
		EF2E679826CB6C7F00E9BF42 /* LaunchScreen.storyboard */ = {
			isa = PBXVariantGroup;
			children = (
				EF2E679926CB6C7F00E9BF42 /* Base */,
			);
			name = LaunchScreen.storyboard;
			sourceTree = "<group>";
		};
/* End PBXVariantGroup section */

/* Begin XCBuildConfiguration section */
		EF2E679C26CB6C7F00E9BF42 /* Debug */ = {
			isa = XCBuildConfiguration;
			buildSettings = {
				ALWAYS_SEARCH_USER_PATHS = NO;
				CLANG_ANALYZER_NONNULL = YES;
				CLANG_ANALYZER_NUMBER_OBJECT_CONVERSION = YES_AGGRESSIVE;
				CLANG_CXX_LANGUAGE_STANDARD = "gnu++14";
				CLANG_CXX_LIBRARY = "libc++";
				CLANG_ENABLE_MODULES = YES;
				CLANG_ENABLE_OBJC_ARC = YES;
				CLANG_ENABLE_OBJC_WEAK = YES;
				CLANG_WARN_BLOCK_CAPTURE_AUTORELEASING = YES;
				CLANG_WARN_BOOL_CONVERSION = YES;
				CLANG_WARN_COMMA = YES;
				CLANG_WARN_CONSTANT_CONVERSION = YES;
				CLANG_WARN_DEPRECATED_OBJC_IMPLEMENTATIONS = YES;
				CLANG_WARN_DIRECT_OBJC_ISA_USAGE = YES_ERROR;
				CLANG_WARN_DOCUMENTATION_COMMENTS = YES;
				CLANG_WARN_EMPTY_BODY = YES;
				CLANG_WARN_ENUM_CONVERSION = YES;
				CLANG_WARN_INFINITE_RECURSION = YES;
				CLANG_WARN_INT_CONVERSION = YES;
				CLANG_WARN_NON_LITERAL_NULL_CONVERSION = YES;
				CLANG_WARN_OBJC_IMPLICIT_RETAIN_SELF = YES;
				CLANG_WARN_OBJC_LITERAL_CONVERSION = YES;
				CLANG_WARN_OBJC_ROOT_CLASS = YES_ERROR;
				CLANG_WARN_QUOTED_INCLUDE_IN_FRAMEWORK_HEADER = YES;
				CLANG_WARN_RANGE_LOOP_ANALYSIS = YES;
				CLANG_WARN_STRICT_PROTOTYPES = YES;
				CLANG_WARN_SUSPICIOUS_MOVE = YES;
				CLANG_WARN_UNGUARDED_AVAILABILITY = YES_AGGRESSIVE;
				CLANG_WARN_UNREACHABLE_CODE = YES;
				CLANG_WARN__DUPLICATE_METHOD_MATCH = YES;
				COPY_PHASE_STRIP = NO;
				DEBUG_INFORMATION_FORMAT = dwarf;
				ENABLE_STRICT_OBJC_MSGSEND = YES;
				ENABLE_TESTABILITY = YES;
				GCC_C_LANGUAGE_STANDARD = gnu11;
				GCC_DYNAMIC_NO_PIC = NO;
				GCC_NO_COMMON_BLOCKS = YES;
				GCC_OPTIMIZATION_LEVEL = 0;
				GCC_PREPROCESSOR_DEFINITIONS = (
					"DEBUG=1",
					"$(inherited)",
				);
				GCC_WARN_64_TO_32_BIT_CONVERSION = YES;
				GCC_WARN_ABOUT_RETURN_TYPE = YES_ERROR;
				GCC_WARN_UNDECLARED_SELECTOR = YES;
				GCC_WARN_UNINITIALIZED_AUTOS = YES_AGGRESSIVE;
				GCC_WARN_UNUSED_FUNCTION = YES;
				GCC_WARN_UNUSED_VARIABLE = YES;
				IPHONEOS_DEPLOYMENT_TARGET = 14.5;
				MTL_ENABLE_DEBUG_INFO = INCLUDE_SOURCE;
				MTL_FAST_MATH = YES;
				ONLY_ACTIVE_ARCH = YES;
				SDKROOT = iphoneos;
				SWIFT_ACTIVE_COMPILATION_CONDITIONS = DEBUG;
				SWIFT_OPTIMIZATION_LEVEL = "-Onone";
			};
			name = Debug;
		};
		EF2E679D26CB6C7F00E9BF42 /* Release */ = {
			isa = XCBuildConfiguration;
			buildSettings = {
				ALWAYS_SEARCH_USER_PATHS = NO;
				CLANG_ANALYZER_NONNULL = YES;
				CLANG_ANALYZER_NUMBER_OBJECT_CONVERSION = YES_AGGRESSIVE;
				CLANG_CXX_LANGUAGE_STANDARD = "gnu++14";
				CLANG_CXX_LIBRARY = "libc++";
				CLANG_ENABLE_MODULES = YES;
				CLANG_ENABLE_OBJC_ARC = YES;
				CLANG_ENABLE_OBJC_WEAK = YES;
				CLANG_WARN_BLOCK_CAPTURE_AUTORELEASING = YES;
				CLANG_WARN_BOOL_CONVERSION = YES;
				CLANG_WARN_COMMA = YES;
				CLANG_WARN_CONSTANT_CONVERSION = YES;
				CLANG_WARN_DEPRECATED_OBJC_IMPLEMENTATIONS = YES;
				CLANG_WARN_DIRECT_OBJC_ISA_USAGE = YES_ERROR;
				CLANG_WARN_DOCUMENTATION_COMMENTS = YES;
				CLANG_WARN_EMPTY_BODY = YES;
				CLANG_WARN_ENUM_CONVERSION = YES;
				CLANG_WARN_INFINITE_RECURSION = YES;
				CLANG_WARN_INT_CONVERSION = YES;
				CLANG_WARN_NON_LITERAL_NULL_CONVERSION = YES;
				CLANG_WARN_OBJC_IMPLICIT_RETAIN_SELF = YES;
				CLANG_WARN_OBJC_LITERAL_CONVERSION = YES;
				CLANG_WARN_OBJC_ROOT_CLASS = YES_ERROR;
				CLANG_WARN_QUOTED_INCLUDE_IN_FRAMEWORK_HEADER = YES;
				CLANG_WARN_RANGE_LOOP_ANALYSIS = YES;
				CLANG_WARN_STRICT_PROTOTYPES = YES;
				CLANG_WARN_SUSPICIOUS_MOVE = YES;
				CLANG_WARN_UNGUARDED_AVAILABILITY = YES_AGGRESSIVE;
				CLANG_WARN_UNREACHABLE_CODE = YES;
				CLANG_WARN__DUPLICATE_METHOD_MATCH = YES;
				COPY_PHASE_STRIP = NO;
				DEBUG_INFORMATION_FORMAT = "dwarf-with-dsym";
				ENABLE_NS_ASSERTIONS = NO;
				ENABLE_STRICT_OBJC_MSGSEND = YES;
				GCC_C_LANGUAGE_STANDARD = gnu11;
				GCC_NO_COMMON_BLOCKS = YES;
				GCC_WARN_64_TO_32_BIT_CONVERSION = YES;
				GCC_WARN_ABOUT_RETURN_TYPE = YES_ERROR;
				GCC_WARN_UNDECLARED_SELECTOR = YES;
				GCC_WARN_UNINITIALIZED_AUTOS = YES_AGGRESSIVE;
				GCC_WARN_UNUSED_FUNCTION = YES;
				GCC_WARN_UNUSED_VARIABLE = YES;
				IPHONEOS_DEPLOYMENT_TARGET = 14.5;
				MTL_ENABLE_DEBUG_INFO = NO;
				MTL_FAST_MATH = YES;
				SDKROOT = iphoneos;
				SWIFT_COMPILATION_MODE = wholemodule;
				SWIFT_OPTIMIZATION_LEVEL = "-O";
				VALIDATE_PRODUCT = YES;
			};
			name = Release;
		};
		EF2E679F26CB6C7F00E9BF42 /* Debug */ = {
			isa = XCBuildConfiguration;
			baseConfigurationReference = BE7E3193B8150CE3098492B7 /* Pods-Color.debug.xcconfig */;
			buildSettings = {
				ASSETCATALOG_COMPILER_APPICON_NAME = AppIcon;
				ASSETCATALOG_COMPILER_GLOBAL_ACCENT_COLOR_NAME = AccentColor;
				CLANG_ENABLE_MODULES = YES;
				CODE_SIGN_STYLE = Automatic;
				DEVELOPMENT_TEAM = FSLGTDRXYN;
				INFOPLIST_FILE = Color/Info.plist;
				LD_RUNPATH_SEARCH_PATHS = (
					"$(inherited)",
					"@executable_path/Frameworks",
				);
				PRODUCT_BUNDLE_IDENTIFIER = color.jsy.project;
				PRODUCT_NAME = "$(TARGET_NAME)";
				SWIFT_OPTIMIZATION_LEVEL = "-Onone";
				SWIFT_VERSION = 5.0;
				TARGETED_DEVICE_FAMILY = "1,2";
			};
			name = Debug;
		};
		EF2E67A026CB6C7F00E9BF42 /* Release */ = {
			isa = XCBuildConfiguration;
			baseConfigurationReference = E385F74F4F2ACE04BF622F8C /* Pods-Color.release.xcconfig */;
			buildSettings = {
				ASSETCATALOG_COMPILER_APPICON_NAME = AppIcon;
				ASSETCATALOG_COMPILER_GLOBAL_ACCENT_COLOR_NAME = AccentColor;
				CLANG_ENABLE_MODULES = YES;
				CODE_SIGN_STYLE = Automatic;
				DEVELOPMENT_TEAM = FSLGTDRXYN;
				INFOPLIST_FILE = Color/Info.plist;
				LD_RUNPATH_SEARCH_PATHS = (
					"$(inherited)",
					"@executable_path/Frameworks",
				);
				PRODUCT_BUNDLE_IDENTIFIER = color.jsy.project;
				PRODUCT_NAME = "$(TARGET_NAME)";
				SWIFT_VERSION = 5.0;
				TARGETED_DEVICE_FAMILY = "1,2";
			};
			name = Release;
		};
/* End XCBuildConfiguration section */

/* Begin XCConfigurationList section */
		EF2E678526CB6C7C00E9BF42 /* Build configuration list for PBXProject "Color" */ = {
			isa = XCConfigurationList;
			buildConfigurations = (
				EF2E679C26CB6C7F00E9BF42 /* Debug */,
				EF2E679D26CB6C7F00E9BF42 /* Release */,
			);
			defaultConfigurationIsVisible = 0;
			defaultConfigurationName = Release;
		};
		EF2E679E26CB6C7F00E9BF42 /* Build configuration list for PBXNativeTarget "Color" */ = {
			isa = XCConfigurationList;
			buildConfigurations = (
				EF2E679F26CB6C7F00E9BF42 /* Debug */,
				EF2E67A026CB6C7F00E9BF42 /* Release */,
			);
			defaultConfigurationIsVisible = 0;
			defaultConfigurationName = Release;
		};
/* End XCConfigurationList section */
	};
	rootObject = EF2E678226CB6C7C00E9BF42 /* Project object */;
}
